
Microsoft Visual Studio Solution File, Format Version 12.00
# Visual Studio Version 17
VisualStudioVersion = 17.12.35707.178 d17.12
MinimumVisualStudioVersion = 10.0.40219.1
Project("{FAE04EC0-301F-11D3-BF4B-00C04F79EFBC}") = "Presentation", "Presentation\Presentation.csproj", "{15D4DE61-94D0-441F-941F-869472CA504A}"
EndProject
Project("{FAE04EC0-301F-11D3-BF4B-00C04F79EFBC}") = "Infrastructure", "Infrastructure\Infrastructure.csproj", "{64BC8353-2E88-44FF-A1FD-89194C87CC71}"
EndProject
Project("{FAE04EC0-301F-11D3-BF4B-00C04F79EFBC}") = "Domain", "Domain\Domain.csproj", "{1B2A81BE-FC83-46C9-B2DF-9E9688C1987B}"
EndProject
Project("{FAE04EC0-301F-11D3-BF4B-00C04F79EFBC}") = "Application", "Application\Application.csproj", "{D3D9C31B-7605-457A-AE31-B728057007B9}"
EndProject
Global
	GlobalSection(SolutionConfigurationPlatforms) = preSolution
		Debug|Any CPU = Debug|Any CPU
		Release|Any CPU = Release|Any CPU
	EndGlobalSection
	GlobalSection(ProjectConfigurationPlatforms) = postSolution
		{15D4DE61-94D0-441F-941F-869472CA504A}.Debug|Any CPU.ActiveCfg = Debug|Any CPU
		{15D4DE61-94D0-441F-941F-869472CA504A}.Debug|Any CPU.Build.0 = Debug|Any CPU
		{15D4DE61-94D0-441F-941F-869472CA504A}.Release|Any CPU.ActiveCfg = Release|Any CPU
		{15D4DE61-94D0-441F-941F-869472CA504A}.Release|Any CPU.Build.0 = Release|Any CPU
		{64BC8353-2E88-44FF-A1FD-89194C87CC71}.Debug|Any CPU.ActiveCfg = Debug|Any CPU
		{64BC8353-2E88-44FF-A1FD-89194C87CC71}.Debug|Any CPU.Build.0 = Debug|Any CPU
		{64BC8353-2E88-44FF-A1FD-89194C87CC71}.Release|Any CPU.ActiveCfg = Release|Any CPU
		{64BC8353-2E88-44FF-A1FD-89194C87CC71}.Release|Any CPU.Build.0 = Release|Any CPU
		{1B2A81BE-FC83-46C9-B2DF-9E9688C1987B}.Debug|Any CPU.ActiveCfg = Debug|Any CPU
		{1B2A81BE-FC83-46C9-B2DF-9E9688C1987B}.Debug|Any CPU.Build.0 = Debug|Any CPU
		{1B2A81BE-FC83-46C9-B2DF-9E9688C1987B}.Release|Any CPU.ActiveCfg = Release|Any CPU
		{1B2A81BE-FC83-46C9-B2DF-9E9688C1987B}.Release|Any CPU.Build.0 = Release|Any CPU
		{D3D9C31B-7605-457A-AE31-B728057007B9}.Debug|Any CPU.ActiveCfg = Debug|Any CPU
		{D3D9C31B-7605-457A-AE31-B728057007B9}.Debug|Any CPU.Build.0 = Debug|Any CPU
		{D3D9C31B-7605-457A-AE31-B728057007B9}.Release|Any CPU.ActiveCfg = Release|Any CPU
		{D3D9C31B-7605-457A-AE31-B728057007B9}.Release|Any CPU.Build.0 = Release|Any CPU
	EndGlobalSection
	GlobalSection(SolutionProperties) = preSolution
		HideSolutionNode = FALSE
	EndGlobalSection
EndGlobal
